
Microsoft Visual Studio Solution File, Format Version 12.00
# Visual Studio Version 17
VisualStudioVersion = 17.0.31903.59
MinimumVisualStudioVersion = 10.0.40219.1
Project("{FAE04EC0-301F-11D3-BF4B-00C04F79EFBC}") = "FinMind.Web", "FinMind.Web\FinMind.Web.csproj", "{533328DA-2847-440D-9870-3A7FCF55492D}"
EndProject
Project("{FAE04EC0-301F-11D3-BF4B-00C04F79EFBC}") = "FinMind.WinForms", "FinMind.WinForms\FinMind.WinForms.csproj", "{04C20A48-C271-450A-B88E-6B1198183650}"
EndProject
Project("{FAE04EC0-301F-11D3-BF4B-00C04F79EFBC}") = "FinMind.Worker", "FinMind.Worker\FinMind.Worker.csproj", "{2C194AFB-0A3C-4149-9023-5DBCFAC7137F}"
EndProject
Global
	GlobalSection(SolutionConfigurationPlatforms) = preSolution
		Debug|Any CPU = Debug|Any CPU
		Debug|x64 = Debug|x64
		Debug|x86 = Debug|x86
		Release|Any CPU = Release|Any CPU
		Release|x64 = Release|x64
		Release|x86 = Release|x86
	EndGlobalSection
	GlobalSection(ProjectConfigurationPlatforms) = postSolution
		{533328DA-2847-440D-9870-3A7FCF55492D}.Debug|Any CPU.ActiveCfg = Debug|Any CPU
		{533328DA-2847-440D-9870-3A7FCF55492D}.Debug|Any CPU.Build.0 = Debug|Any CPU
		{533328DA-2847-440D-9870-3A7FCF55492D}.Debug|x64.ActiveCfg = Debug|Any CPU
		{533328DA-2847-440D-9870-3A7FCF55492D}.Debug|x64.Build.0 = Debug|Any CPU
		{533328DA-2847-440D-9870-3A7FCF55492D}.Debug|x86.ActiveCfg = Debug|Any CPU
		{533328DA-2847-440D-9870-3A7FCF55492D}.Debug|x86.Build.0 = Debug|Any CPU
		{533328DA-2847-440D-9870-3A7FCF55492D}.Release|Any CPU.ActiveCfg = Release|Any CPU
		{533328DA-2847-440D-9870-3A7FCF55492D}.Release|Any CPU.Build.0 = Release|Any CPU
		{533328DA-2847-440D-9870-3A7FCF55492D}.Release|x64.ActiveCfg = Release|Any CPU
		{533328DA-2847-440D-9870-3A7FCF55492D}.Release|x64.Build.0 = Release|Any CPU
		{533328DA-2847-440D-9870-3A7FCF55492D}.Release|x86.ActiveCfg = Release|Any CPU
		{533328DA-2847-440D-9870-3A7FCF55492D}.Release|x86.Build.0 = Release|Any CPU
		{04C20A48-C271-450A-B88E-6B1198183650}.Debug|Any CPU.ActiveCfg = Debug|Any CPU
		{04C20A48-C271-450A-B88E-6B1198183650}.Debug|Any CPU.Build.0 = Debug|Any CPU
		{04C20A48-C271-450A-B88E-6B1198183650}.Debug|x64.ActiveCfg = Debug|Any CPU
		{04C20A48-C271-450A-B88E-6B1198183650}.Debug|x64.Build.0 = Debug|Any CPU
		{04C20A48-C271-450A-B88E-6B1198183650}.Debug|x86.ActiveCfg = Debug|Any CPU
		{04C20A48-C271-450A-B88E-6B1198183650}.Debug|x86.Build.0 = Debug|Any CPU
		{04C20A48-C271-450A-B88E-6B1198183650}.Release|Any CPU.ActiveCfg = Release|Any CPU
		{04C20A48-C271-450A-B88E-6B1198183650}.Release|Any CPU.Build.0 = Release|Any CPU
		{04C20A48-C271-450A-B88E-6B1198183650}.Release|x64.ActiveCfg = Release|Any CPU
		{04C20A48-C271-450A-B88E-6B1198183650}.Release|x64.Build.0 = Release|Any CPU
		{04C20A48-C271-450A-B88E-6B1198183650}.Release|x86.ActiveCfg = Release|Any CPU
		{04C20A48-C271-450A-B88E-6B1198183650}.Release|x86.Build.0 = Release|Any CPU
		{2C194AFB-0A3C-4149-9023-5DBCFAC7137F}.Debug|Any CPU.ActiveCfg = Debug|Any CPU
		{2C194AFB-0A3C-4149-9023-5DBCFAC7137F}.Debug|Any CPU.Build.0 = Debug|Any CPU
		{2C194AFB-0A3C-4149-9023-5DBCFAC7137F}.Debug|x64.ActiveCfg = Debug|Any CPU
		{2C194AFB-0A3C-4149-9023-5DBCFAC7137F}.Debug|x64.Build.0 = Debug|Any CPU
		{2C194AFB-0A3C-4149-9023-5DBCFAC7137F}.Debug|x86.ActiveCfg = Debug|Any CPU
		{2C194AFB-0A3C-4149-9023-5DBCFAC7137F}.Debug|x86.Build.0 = Debug|Any CPU
		{2C194AFB-0A3C-4149-9023-5DBCFAC7137F}.Release|Any CPU.ActiveCfg = Release|Any CPU
		{2C194AFB-0A3C-4149-9023-5DBCFAC7137F}.Release|Any CPU.Build.0 = Release|Any CPU
		{2C194AFB-0A3C-4149-9023-5DBCFAC7137F}.Release|x64.ActiveCfg = Release|Any CPU
		{2C194AFB-0A3C-4149-9023-5DBCFAC7137F}.Release|x64.Build.0 = Release|Any CPU
		{2C194AFB-0A3C-4149-9023-5DBCFAC7137F}.Release|x86.ActiveCfg = Release|Any CPU
		{2C194AFB-0A3C-4149-9023-5DBCFAC7137F}.Release|x86.Build.0 = Release|Any CPU
	EndGlobalSection
	GlobalSection(SolutionProperties) = preSolution
		HideSolutionNode = FALSE
	EndGlobalSection
EndGlobal
